// !$*UTF8*$!
{
	archiveVersion = 1;
	classes = {
	};
	objectVersion = 50;
	objects = {

/* Begin PBXBuildFile section */
		E1084A67236332C1002B888F /* UIImage+Extension.swift in Sources */ = {isa = PBXBuildFile; fileRef = E1084A66236332C1002B888F /* UIImage+Extension.swift */; };
		E14249712361E58600A23029 /* UIButton+Styles.swift in Sources */ = {isa = PBXBuildFile; fileRef = E14249702361E58600A23029 /* UIButton+Styles.swift */; };
		E188E603235A51F700A430CD /* AppDelegate.swift in Sources */ = {isa = PBXBuildFile; fileRef = E188E602235A51F700A430CD /* AppDelegate.swift */; };
		E188E607235A51F700A430CD /* ViewController.swift in Sources */ = {isa = PBXBuildFile; fileRef = E188E606235A51F700A430CD /* ViewController.swift */; };
		E188E60A235A51F700A430CD /* Main.storyboard in Resources */ = {isa = PBXBuildFile; fileRef = E188E608235A51F700A430CD /* Main.storyboard */; };
		E188E60C235A51F800A430CD /* Assets.xcassets in Resources */ = {isa = PBXBuildFile; fileRef = E188E60B235A51F800A430CD /* Assets.xcassets */; };
		E188E60F235A51F800A430CD /* LaunchScreen.storyboard in Resources */ = {isa = PBXBuildFile; fileRef = E188E60D235A51F800A430CD /* LaunchScreen.storyboard */; };
		E188E618235A535C00A430CD /* Storyboards.swift in Sources */ = {isa = PBXBuildFile; fileRef = E188E617235A535C00A430CD /* Storyboards.swift */; };
		E188E61B235A54B500A430CD /* UIColor+AppColors.swift in Sources */ = {isa = PBXBuildFile; fileRef = E188E61A235A54B500A430CD /* UIColor+AppColors.swift */; };
		E1A41AE6236217D20052830D /* AppearanceManager.swift in Sources */ = {isa = PBXBuildFile; fileRef = E1A41AE5236217D20052830D /* AppearanceManager.swift */; };
		E1AD0BFB2367289E0055DCA2 /* UISearchBar+Extension.swift in Sources */ = {isa = PBXBuildFile; fileRef = E1AD0BFA2367289E0055DCA2 /* UISearchBar+Extension.swift */; };
/* End PBXBuildFile section */

/* Begin PBXFileReference section */
		E1084A66236332C1002B888F /* UIImage+Extension.swift */ = {isa = PBXFileReference; lastKnownFileType = sourcecode.swift; path = "UIImage+Extension.swift"; sourceTree = "<group>"; };
		E14249702361E58600A23029 /* UIButton+Styles.swift */ = {isa = PBXFileReference; lastKnownFileType = sourcecode.swift; path = "UIButton+Styles.swift"; sourceTree = "<group>"; };
		E14249722361F23900A23029 /* AppTheme-Bridging-Header.h */ = {isa = PBXFileReference; lastKnownFileType = sourcecode.c.h; path = "AppTheme-Bridging-Header.h"; sourceTree = "<group>"; };
		E188E5FF235A51F700A430CD /* AppTheme.app */ = {isa = PBXFileReference; explicitFileType = wrapper.application; includeInIndex = 0; path = AppTheme.app; sourceTree = BUILT_PRODUCTS_DIR; };
		E188E602235A51F700A430CD /* AppDelegate.swift */ = {isa = PBXFileReference; lastKnownFileType = sourcecode.swift; path = AppDelegate.swift; sourceTree = "<group>"; };
		E188E606235A51F700A430CD /* ViewController.swift */ = {isa = PBXFileReference; lastKnownFileType = sourcecode.swift; path = ViewController.swift; sourceTree = "<group>"; };
		E188E609235A51F700A430CD /* Base */ = {isa = PBXFileReference; lastKnownFileType = file.storyboard; name = Base; path = Base.lproj/Main.storyboard; sourceTree = "<group>"; };
		E188E60B235A51F800A430CD /* Assets.xcassets */ = {isa = PBXFileReference; lastKnownFileType = folder.assetcatalog; path = Assets.xcassets; sourceTree = "<group>"; };
		E188E60E235A51F800A430CD /* Base */ = {isa = PBXFileReference; lastKnownFileType = file.storyboard; name = Base; path = Base.lproj/LaunchScreen.storyboard; sourceTree = "<group>"; };
		E188E610235A51F800A430CD /* Info.plist */ = {isa = PBXFileReference; lastKnownFileType = text.plist.xml; path = Info.plist; sourceTree = "<group>"; };
		E188E617235A535C00A430CD /* Storyboards.swift */ = {isa = PBXFileReference; lastKnownFileType = sourcecode.swift; path = Storyboards.swift; sourceTree = "<group>"; };
		E188E61A235A54B500A430CD /* UIColor+AppColors.swift */ = {isa = PBXFileReference; lastKnownFileType = sourcecode.swift; path = "UIColor+AppColors.swift"; sourceTree = "<group>"; };
		E1A41AE5236217D20052830D /* AppearanceManager.swift */ = {isa = PBXFileReference; lastKnownFileType = sourcecode.swift; path = AppearanceManager.swift; sourceTree = "<group>"; };
		E1AD0BFA2367289E0055DCA2 /* UISearchBar+Extension.swift */ = {isa = PBXFileReference; lastKnownFileType = sourcecode.swift; path = "UISearchBar+Extension.swift"; sourceTree = "<group>"; };
/* End PBXFileReference section */

/* Begin PBXFrameworksBuildPhase section */
		E188E5FC235A51F700A430CD /* Frameworks */ = {
			isa = PBXFrameworksBuildPhase;
			buildActionMask = 2147483647;
			files = (
			);
			runOnlyForDeploymentPostprocessing = 0;
		};
/* End PBXFrameworksBuildPhase section */

/* Begin PBXGroup section */
		E1084A642363329B002B888F /* Extensions */ = {
			isa = PBXGroup;
			children = (
				E1084A6823634B45002B888F /* Native */,
			);
			path = Extensions;
			sourceTree = "<group>";
		};
		E1084A65236332A6002B888F /* Protocols */ = {
			isa = PBXGroup;
			children = (
				E188E617235A535C00A430CD /* Storyboards.swift */,
			);
			path = Protocols;
			sourceTree = "<group>";
		};
		E1084A6823634B45002B888F /* Native */ = {
			isa = PBXGroup;
			children = (
				E1084A66236332C1002B888F /* UIImage+Extension.swift */,
				E1AD0BFA2367289E0055DCA2 /* UISearchBar+Extension.swift */,
			);
			path = Native;
			sourceTree = "<group>";
		};
		E188E5F6235A51F700A430CD = {
			isa = PBXGroup;
			children = (
				E188E601235A51F700A430CD /* AppTheme */,
				E188E600235A51F700A430CD /* Products */,
			);
			sourceTree = "<group>";
		};
		E188E600235A51F700A430CD /* Products */ = {
			isa = PBXGroup;
			children = (
				E188E5FF235A51F700A430CD /* AppTheme.app */,
			);
			name = Products;
			sourceTree = "<group>";
		};
		E188E601235A51F700A430CD /* AppTheme */ = {
			isa = PBXGroup;
			children = (
				E1A41AE723621B7F0052830D /* Application */,
				E188E619235A549600A430CD /* Theme */,
				E188E616235A525D00A430CD /* Util */,
				E1A41AE923621BB30052830D /* View Controller */,
				E1A41AE823621BAA0052830D /* View */,
				E188E60B235A51F800A430CD /* Assets.xcassets */,
			);
			path = AppTheme;
			sourceTree = "<group>";
		};
		E188E616235A525D00A430CD /* Util */ = {
			isa = PBXGroup;
			children = (
				E1084A642363329B002B888F /* Extensions */,
				E1084A65236332A6002B888F /* Protocols */,
			);
			path = Util;
			sourceTree = "<group>";
		};
		E188E619235A549600A430CD /* Theme */ = {
			isa = PBXGroup;
			children = (
				E188E61A235A54B500A430CD /* UIColor+AppColors.swift */,
				E14249702361E58600A23029 /* UIButton+Styles.swift */,
				E1A41AE5236217D20052830D /* AppearanceManager.swift */,
			);
			path = Theme;
			sourceTree = "<group>";
		};
		E1A41AE723621B7F0052830D /* Application */ = {
			isa = PBXGroup;
			children = (
				E188E602235A51F700A430CD /* AppDelegate.swift */,
				E188E610235A51F800A430CD /* Info.plist */,
				E14249722361F23900A23029 /* AppTheme-Bridging-Header.h */,
			);
			path = Application;
			sourceTree = "<group>";
		};
		E1A41AE823621BAA0052830D /* View */ = {
			isa = PBXGroup;
			children = (
				E188E608235A51F700A430CD /* Main.storyboard */,
				E188E60D235A51F800A430CD /* LaunchScreen.storyboard */,
			);
			path = View;
			sourceTree = "<group>";
		};
		E1A41AE923621BB30052830D /* View Controller */ = {
			isa = PBXGroup;
			children = (
				E188E606235A51F700A430CD /* ViewController.swift */,
			);
			path = "View Controller";
			sourceTree = "<group>";
		};
/* End PBXGroup section */

/* Begin PBXNativeTarget section */
		E188E5FE235A51F700A430CD /* AppTheme */ = {
			isa = PBXNativeTarget;
			buildConfigurationList = E188E613235A51F800A430CD /* Build configuration list for PBXNativeTarget "AppTheme" */;
			buildPhases = (
				E188E5FB235A51F700A430CD /* Sources */,
				E188E5FC235A51F700A430CD /* Frameworks */,
				E188E5FD235A51F700A430CD /* Resources */,
			);
			buildRules = (
			);
			dependencies = (
			);
			name = AppTheme;
			productName = AppTheme;
			productReference = E188E5FF235A51F700A430CD /* AppTheme.app */;
			productType = "com.apple.product-type.application";
		};
/* End PBXNativeTarget section */

/* Begin PBXProject section */
		E188E5F7235A51F700A430CD /* Project object */ = {
			isa = PBXProject;
			attributes = {
				LastSwiftUpdateCheck = 1100;
				LastUpgradeCheck = 1100;
				ORGANIZATIONNAME = "Alvin Ling";
				TargetAttributes = {
					E188E5FE235A51F700A430CD = {
						CreatedOnToolsVersion = 11.0;
						LastSwiftMigration = 1100;
					};
				};
			};
			buildConfigurationList = E188E5FA235A51F700A430CD /* Build configuration list for PBXProject "AppTheme" */;
			compatibilityVersion = "Xcode 9.3";
			developmentRegion = en;
			hasScannedForEncodings = 0;
			knownRegions = (
				en,
				Base,
			);
			mainGroup = E188E5F6235A51F700A430CD;
			productRefGroup = E188E600235A51F700A430CD /* Products */;
			projectDirPath = "";
			projectRoot = "";
			targets = (
				E188E5FE235A51F700A430CD /* AppTheme */,
			);
		};
/* End PBXProject section */

/* Begin PBXResourcesBuildPhase section */
		E188E5FD235A51F700A430CD /* Resources */ = {
			isa = PBXResourcesBuildPhase;
			buildActionMask = 2147483647;
			files = (
				E188E60F235A51F800A430CD /* LaunchScreen.storyboard in Resources */,
				E188E60C235A51F800A430CD /* Assets.xcassets in Resources */,
				E188E60A235A51F700A430CD /* Main.storyboard in Resources */,
			);
			runOnlyForDeploymentPostprocessing = 0;
		};
/* End PBXResourcesBuildPhase section */

/* Begin PBXSourcesBuildPhase section */
		E188E5FB235A51F700A430CD /* Sources */ = {
			isa = PBXSourcesBuildPhase;
			buildActionMask = 2147483647;
			files = (
				E1A41AE6236217D20052830D /* AppearanceManager.swift in Sources */,
				E1084A67236332C1002B888F /* UIImage+Extension.swift in Sources */,
				E188E618235A535C00A430CD /* Storyboards.swift in Sources */,
				E188E61B235A54B500A430CD /* UIColor+AppColors.swift in Sources */,
				E188E607235A51F700A430CD /* ViewController.swift in Sources */,
				E14249712361E58600A23029 /* UIButton+Styles.swift in Sources */,
				E188E603235A51F700A430CD /* AppDelegate.swift in Sources */,
				E1AD0BFB2367289E0055DCA2 /* UISearchBar+Extension.swift in Sources */,
			);
			runOnlyForDeploymentPostprocessing = 0;
		};
/* End PBXSourcesBuildPhase section */

/* Begin PBXVariantGroup section */
		E188E608235A51F700A430CD /* Main.storyboard */ = {
			isa = PBXVariantGroup;
			children = (
				E188E609235A51F700A430CD /* Base */,
			);
			name = Main.storyboard;
			sourceTree = "<group>";
		};
		E188E60D235A51F800A430CD /* LaunchScreen.storyboard */ = {
			isa = PBXVariantGroup;
			children = (
				E188E60E235A51F800A430CD /* Base */,
			);
			name = LaunchScreen.storyboard;
			sourceTree = "<group>";
		};
/* End PBXVariantGroup section */

/* Begin XCBuildConfiguration section */
		E188E611235A51F800A430CD /* Debug */ = {
			isa = XCBuildConfiguration;
			buildSettings = {
				ALWAYS_SEARCH_USER_PATHS = NO;
				CLANG_ANALYZER_NONNULL = YES;
				CLANG_ANALYZER_NUMBER_OBJECT_CONVERSION = YES_AGGRESSIVE;
				CLANG_CXX_LANGUAGE_STANDARD = "gnu++14";
				CLANG_CXX_LIBRARY = "libc++";
				CLANG_ENABLE_MODULES = YES;
				CLANG_ENABLE_OBJC_ARC = YES;
				CLANG_ENABLE_OBJC_WEAK = YES;
				CLANG_WARN_BLOCK_CAPTURE_AUTORELEASING = YES;
				CLANG_WARN_BOOL_CONVERSION = YES;
				CLANG_WARN_COMMA = YES;
				CLANG_WARN_CONSTANT_CONVERSION = YES;
				CLANG_WARN_DEPRECATED_OBJC_IMPLEMENTATIONS = YES;
				CLANG_WARN_DIRECT_OBJC_ISA_USAGE = YES_ERROR;
				CLANG_WARN_DOCUMENTATION_COMMENTS = YES;
				CLANG_WARN_EMPTY_BODY = YES;
				CLANG_WARN_ENUM_CONVERSION = YES;
				CLANG_WARN_INFINITE_RECURSION = YES;
				CLANG_WARN_INT_CONVERSION = YES;
				CLANG_WARN_NON_LITERAL_NULL_CONVERSION = YES;
				CLANG_WARN_OBJC_IMPLICIT_RETAIN_SELF = YES;
				CLANG_WARN_OBJC_LITERAL_CONVERSION = YES;
				CLANG_WARN_OBJC_ROOT_CLASS = YES_ERROR;
				CLANG_WARN_RANGE_LOOP_ANALYSIS = YES;
				CLANG_WARN_STRICT_PROTOTYPES = YES;
				CLANG_WARN_SUSPICIOUS_MOVE = YES;
				CLANG_WARN_UNGUARDED_AVAILABILITY = YES_AGGRESSIVE;
				CLANG_WARN_UNREACHABLE_CODE = YES;
				CLANG_WARN__DUPLICATE_METHOD_MATCH = YES;
				COPY_PHASE_STRIP = NO;
				DEBUG_INFORMATION_FORMAT = dwarf;
				ENABLE_STRICT_OBJC_MSGSEND = YES;
				ENABLE_TESTABILITY = YES;
				GCC_C_LANGUAGE_STANDARD = gnu11;
				GCC_DYNAMIC_NO_PIC = NO;
				GCC_NO_COMMON_BLOCKS = YES;
				GCC_OPTIMIZATION_LEVEL = 0;
				GCC_PREPROCESSOR_DEFINITIONS = (
					"DEBUG=1",
					"$(inherited)",
				);
				GCC_WARN_64_TO_32_BIT_CONVERSION = YES;
				GCC_WARN_ABOUT_RETURN_TYPE = YES_ERROR;
				GCC_WARN_UNDECLARED_SELECTOR = YES;
				GCC_WARN_UNINITIALIZED_AUTOS = YES_AGGRESSIVE;
				GCC_WARN_UNUSED_FUNCTION = YES;
				GCC_WARN_UNUSED_VARIABLE = YES;
				IPHONEOS_DEPLOYMENT_TARGET = 13.0;
				MTL_ENABLE_DEBUG_INFO = INCLUDE_SOURCE;
				MTL_FAST_MATH = YES;
				ONLY_ACTIVE_ARCH = YES;
				SDKROOT = iphoneos;
				SWIFT_ACTIVE_COMPILATION_CONDITIONS = DEBUG;
				SWIFT_OPTIMIZATION_LEVEL = "-Onone";
			};
			name = Debug;
		};
		E188E612235A51F800A430CD /* Release */ = {
			isa = XCBuildConfiguration;
			buildSettings = {
				ALWAYS_SEARCH_USER_PATHS = NO;
				CLANG_ANALYZER_NONNULL = YES;
				CLANG_ANALYZER_NUMBER_OBJECT_CONVERSION = YES_AGGRESSIVE;
				CLANG_CXX_LANGUAGE_STANDARD = "gnu++14";
				CLANG_CXX_LIBRARY = "libc++";
				CLANG_ENABLE_MODULES = YES;
				CLANG_ENABLE_OBJC_ARC = YES;
				CLANG_ENABLE_OBJC_WEAK = YES;
				CLANG_WARN_BLOCK_CAPTURE_AUTORELEASING = YES;
				CLANG_WARN_BOOL_CONVERSION = YES;
				CLANG_WARN_COMMA = YES;
				CLANG_WARN_CONSTANT_CONVERSION = YES;
				CLANG_WARN_DEPRECATED_OBJC_IMPLEMENTATIONS = YES;
				CLANG_WARN_DIRECT_OBJC_ISA_USAGE = YES_ERROR;
				CLANG_WARN_DOCUMENTATION_COMMENTS = YES;
				CLANG_WARN_EMPTY_BODY = YES;
				CLANG_WARN_ENUM_CONVERSION = YES;
				CLANG_WARN_INFINITE_RECURSION = YES;
				CLANG_WARN_INT_CONVERSION = YES;
				CLANG_WARN_NON_LITERAL_NULL_CONVERSION = YES;
				CLANG_WARN_OBJC_IMPLICIT_RETAIN_SELF = YES;
				CLANG_WARN_OBJC_LITERAL_CONVERSION = YES;
				CLANG_WARN_OBJC_ROOT_CLASS = YES_ERROR;
				CLANG_WARN_RANGE_LOOP_ANALYSIS = YES;
				CLANG_WARN_STRICT_PROTOTYPES = YES;
				CLANG_WARN_SUSPICIOUS_MOVE = YES;
				CLANG_WARN_UNGUARDED_AVAILABILITY = YES_AGGRESSIVE;
				CLANG_WARN_UNREACHABLE_CODE = YES;
				CLANG_WARN__DUPLICATE_METHOD_MATCH = YES;
				COPY_PHASE_STRIP = NO;
				DEBUG_INFORMATION_FORMAT = "dwarf-with-dsym";
				ENABLE_NS_ASSERTIONS = NO;
				ENABLE_STRICT_OBJC_MSGSEND = YES;
				GCC_C_LANGUAGE_STANDARD = gnu11;
				GCC_NO_COMMON_BLOCKS = YES;
				GCC_WARN_64_TO_32_BIT_CONVERSION = YES;
				GCC_WARN_ABOUT_RETURN_TYPE = YES_ERROR;
				GCC_WARN_UNDECLARED_SELECTOR = YES;
				GCC_WARN_UNINITIALIZED_AUTOS = YES_AGGRESSIVE;
				GCC_WARN_UNUSED_FUNCTION = YES;
				GCC_WARN_UNUSED_VARIABLE = YES;
				IPHONEOS_DEPLOYMENT_TARGET = 13.0;
				MTL_ENABLE_DEBUG_INFO = NO;
				MTL_FAST_MATH = YES;
				SDKROOT = iphoneos;
				SWIFT_COMPILATION_MODE = wholemodule;
				SWIFT_OPTIMIZATION_LEVEL = "-O";
				VALIDATE_PRODUCT = YES;
			};
			name = Release;
		};
		E188E614235A51F800A430CD /* Debug */ = {
			isa = XCBuildConfiguration;
			buildSettings = {
				ASSETCATALOG_COMPILER_APPICON_NAME = AppIcon;
				CLANG_ENABLE_MODULES = YES;
				CODE_SIGN_STYLE = Automatic;
				DEFINES_MODULE = YES;
				DEVELOPMENT_TEAM = 4949F5FLDL;
				INFOPLIST_FILE = AppTheme/Application/Info.plist;
				IPHONEOS_DEPLOYMENT_TARGET = 11.0;
				LD_RUNPATH_SEARCH_PATHS = (
					"$(inherited)",
					"@executable_path/Frameworks",
				);
				PRODUCT_BUNDLE_IDENTIFIER = aling94.AppTheme;
				PRODUCT_NAME = "$(TARGET_NAME)";
				SWIFT_OBJC_BRIDGING_HEADER = "AppTheme/Application/AppTheme-Bridging-Header.h";
				SWIFT_OPTIMIZATION_LEVEL = "-Onone";
				SWIFT_VERSION = 5.0;
				TARGETED_DEVICE_FAMILY = "1,2";
			};
			name = Debug;
		};
		E188E615235A51F800A430CD /* Release */ = {
			isa = XCBuildConfiguration;
			buildSettings = {
				ASSETCATALOG_COMPILER_APPICON_NAME = AppIcon;
				CLANG_ENABLE_MODULES = YES;
				CODE_SIGN_STYLE = Automatic;
				DEFINES_MODULE = YES;
				DEVELOPMENT_TEAM = 4949F5FLDL;
				INFOPLIST_FILE = AppTheme/Application/Info.plist;
				IPHONEOS_DEPLOYMENT_TARGET = 11.0;
				LD_RUNPATH_SEARCH_PATHS = (
					"$(inherited)",
					"@executable_path/Frameworks",
				);
				PRODUCT_BUNDLE_IDENTIFIER = aling94.AppTheme;
				PRODUCT_NAME = "$(TARGET_NAME)";
				SWIFT_OBJC_BRIDGING_HEADER = "AppTheme/Application/AppTheme-Bridging-Header.h";
				SWIFT_VERSION = 5.0;
				TARGETED_DEVICE_FAMILY = "1,2";
			};
			name = Release;
		};
/* End XCBuildConfiguration section */

/* Begin XCConfigurationList section */
		E188E5FA235A51F700A430CD /* Build configuration list for PBXProject "AppTheme" */ = {
			isa = XCConfigurationList;
			buildConfigurations = (
				E188E611235A51F800A430CD /* Debug */,
				E188E612235A51F800A430CD /* Release */,
			);
			defaultConfigurationIsVisible = 0;
			defaultConfigurationName = Release;
		};
		E188E613235A51F800A430CD /* Build configuration list for PBXNativeTarget "AppTheme" */ = {
			isa = XCConfigurationList;
			buildConfigurations = (
				E188E614235A51F800A430CD /* Debug */,
				E188E615235A51F800A430CD /* Release */,
			);
			defaultConfigurationIsVisible = 0;
			defaultConfigurationName = Release;
		};
/* End XCConfigurationList section */
	};
	rootObject = E188E5F7235A51F700A430CD /* Project object */;
}
